
Microsoft Visual Studio Solution File, Format Version 12.00
# Visual Studio Version 17
VisualStudioVersion = 17.10.34916.146
MinimumVisualStudioVersion = 10.0.40219.1
Project("{FAE04EC0-301F-11D3-BF4B-00C04F79EFBC}") = "AnimeTracker", "AnimeTracker\AnimeTracker.csproj", "{719DE84E-F95F-4372-9FE6-4C72B14FA772}"
EndProject
Global
	GlobalSection(SolutionConfigurationPlatforms) = preSolution
		Debug|Any CPU = Debug|Any CPU
		Release|Any CPU = Release|Any CPU
	EndGlobalSection
	GlobalSection(ProjectConfigurationPlatforms) = postSolution
		{719DE84E-F95F-4372-9FE6-4C72B14FA772}.Debug|Any CPU.ActiveCfg = Debug|Any CPU
		{719DE84E-F95F-4372-9FE6-4C72B14FA772}.Debug|Any CPU.Build.0 = Debug|Any CPU
		{719DE84E-F95F-4372-9FE6-4C72B14FA772}.Release|Any CPU.ActiveCfg = Release|Any CPU
		{719DE84E-F95F-4372-9FE6-4C72B14FA772}.Release|Any CPU.Build.0 = Release|Any CPU
	EndGlobalSection
	GlobalSection(SolutionProperties) = preSolution
		HideSolutionNode = FALSE
	EndGlobalSection
	GlobalSection(ExtensibilityGlobals) = postSolution
		SolutionGuid = {1685388F-D649-4A79-8D89-BE2598E849EC}
	EndGlobalSection
EndGlobal
